# THIS IS AN AUTOGENERATED FILE. DO NOT EDIT THIS FILE DIRECTLY.
# yarn lockfile v1


"@actions/core@^1.11.1":
  version "1.11.1"
  resolved "https://registry.yarnpkg.com/@actions/core/-/core-1.11.1.tgz#ae683aac5112438021588030efb53b1adb86f172"
  integrity sha512-hXJCSrkwfA46Vd9Z3q4cpEpHB1rL5NG04+/rbqW9d3+CSvtB1tYe8UTpAlixa1vj0m/ULglfEK2UKxMGxCxv5A==
  dependencies:
    "@actions/exec" "^1.1.1"
    "@actions/http-client" "^2.0.1"

"@actions/core@^2.0.2":
  version "2.0.2"
  resolved "https://registry.yarnpkg.com/@actions/core/-/core-2.0.2.tgz#81c59e1f3437660d2148a064c1ba8e99931f2cf7"
  integrity sha512-Ast1V7yHbGAhplAsuVlnb/5J8Mtr/Zl6byPPL+Qjq3lmfIgWF1ak1iYfF/079cRERiuTALTXkSuEUdZeDCfGtA==
  dependencies:
    "@actions/exec" "^2.0.0"
    "@actions/http-client" "^3.0.1"

"@actions/exec@^1.0.0", "@actions/exec@^1.1.1":
  version "1.1.1"
  resolved "https://registry.yarnpkg.com/@actions/exec/-/exec-1.1.1.tgz#2e43f28c54022537172819a7cf886c844221a611"
  integrity sha512-+sCcHHbVdk93a0XT19ECtO/gIXoxvdsgQLzb2fE2/5sIZmWQuluYyjPQtrtTHdU1YzTZ7bAPN4sITq2xi1679w==
  dependencies:
    "@actions/io" "^1.0.1"

"@actions/exec@^2.0.0":
  version "2.0.0"
  resolved "https://registry.yarnpkg.com/@actions/exec/-/exec-2.0.0.tgz#35e829723389f80e362ec2cc415697ec74362ad8"
  integrity sha512-k8ngrX2voJ/RIN6r9xB82NVqKpnMRtxDoiO+g3olkIUpQNqjArXrCQceduQZCQj3P3xm32pChRLqRrtXTlqhIw==
  dependencies:
    "@actions/io" "^2.0.0"

"@actions/http-client@^2.0.1":
  version "2.0.1"
  resolved "https://registry.yarnpkg.com/@actions/http-client/-/http-client-2.0.1.tgz#873f4ca98fe32f6839462a6f046332677322f99c"
  integrity sha512-PIXiMVtz6VvyaRsGY268qvj57hXQEpsYogYOu2nrQhlf+XCGmZstmuZBbAybUl1nQGnvS1k1eEsQ69ZoD7xlSw==
  dependencies:
    tunnel "^0.0.6"

"@actions/http-client@^3.0.1":
  version "3.0.1"
  resolved "https://registry.yarnpkg.com/@actions/http-client/-/http-client-3.0.1.tgz#0ac91c3abf179a401e23d40abf0d7caa92324268"
  integrity sha512-SbGS8c/vySbNO3kjFgSW77n83C4MQx/Yoe+b1hAdpuvfHxnkHzDq2pWljUpAA56Si1Gae/7zjeZsV0CYjmLo/w==
  dependencies:
    tunnel "^0.0.6"
    undici "^5.28.5"

"@actions/io@^1.0.1", "@actions/io@^1.1.1":
  version "1.1.1"
  resolved "https://registry.yarnpkg.com/@actions/io/-/io-1.1.1.tgz#4a157406309e212ab27ed3ae30e8c1d641686a66"
  integrity sha512-Qi4JoKXjmE0O67wAOH6y0n26QXhMKMFo7GD/4IXNVcrtLjUlGjGuVys6pQgwF3ArfGTQu0XpqaNr0YhED2RaRA==

"@actions/io@^2.0.0":
  version "2.0.0"
  resolved "https://registry.yarnpkg.com/@actions/io/-/io-2.0.0.tgz#3ad1271ba3cd515324f2215e8d4c1c0c3864d65b"
  integrity sha512-Jv33IN09XLO+0HS79aaODsvIRyduiF7NY/F6LYeK5oeUmrsz7aFdRphQjFoESF4jS7lMauDOttKALcpapVDIAg==

"@actions/tool-cache@^2.0.2":
  version "2.0.2"
  resolved "https://registry.yarnpkg.com/@actions/tool-cache/-/tool-cache-2.0.2.tgz#49ff20b0352aeac5411988e88435e47144fabb3e"
  integrity sha512-fBhNNOWxuoLxztQebpOaWu6WeVmuwa77Z+DxIZ1B+OYvGkGQon6kTVg6Z32Cb13WCuw0szqonK+hh03mJV7Z6w==
  dependencies:
    "@actions/core" "^1.11.1"
    "@actions/exec" "^1.0.0"
    "@actions/http-client" "^2.0.1"
    "@actions/io" "^1.1.1"
    semver "^6.1.0"

"@fastify/busboy@^2.0.0":
  version "2.1.1"
  resolved "https://registry.yarnpkg.com/@fastify/busboy/-/busboy-2.1.1.tgz#b9da6a878a371829a0502c9b6c1c143ef6663f4d"
  integrity sha512-vBZP4NlzfOlerQTnba4aqZoMhE/a9HY7HRqoOPaETQcSQuWEIyZMHGfVu6w9wGtGK5fED5qRs2DteVCjOH60sA==

"@vercel/ncc@^0.38.4":
  version "0.38.4"
  resolved "https://registry.yarnpkg.com/@vercel/ncc/-/ncc-0.38.4.tgz#e1fb8be9e7ed33bf44c121131d4c6e95f784afac"
  integrity sha512-8LwjnlP39s08C08J5NstzriPvW1SP8Zfpp1BvC2sI35kPeZnHfxVkCwu4/+Wodgnd60UtT1n8K8zw+Mp7J9JmQ==

semver@^6.1.0:
  version "6.3.1"
  resolved "https://registry.yarnpkg.com/semver/-/semver-6.3.1.tgz#556d2ef8689146e46dcea4bfdd095f3434dffcb4"
  integrity sha512-BR7VvDCVHO+q2xBEWskxS6DJE1qRnb7DxzUrogb71CWoSficBxYsiAGd+Kl0mmq/MprG9yArRkyrQxTO6XjMzA==

tunnel@^0.0.6:
  version "0.0.6"
  resolved "https://registry.yarnpkg.com/tunnel/-/tunnel-0.0.6.tgz#72f1314b34a5b192db012324df2cc587ca47f92c"
  integrity sha512-1h/Lnq9yajKY2PEbBadPXj3VxsDDu844OnaAo52UVmIzIvwwtBPIuNvkjuzBlTWpfJyUbG3ez0KSBibQkj4ojg==

undici@^5.28.5:
  version "5.29.0"
  resolved "https://registry.yarnpkg.com/undici/-/undici-5.29.0.tgz#419595449ae3f2cdcba3580a2e8903399bd1f5a3"
  integrity sha512-raqeBD6NQK4SkWhQzeYKd1KmIG6dllBOTt55Rmkt4HtI9mwdWtJljnrXjAFUBLTSN67HWrOIZ3EPF4kjUw80Bg==
  dependencies:
    "@fastify/busboy" "^2.0.0"
